
Microsoft Visual Studio Solution File, Format Version 12.00
# Visual Studio Version 17
VisualStudioVersion = 17.8.34309.116
MinimumVisualStudioVersion = 10.0.40219.1
Project("{FAE04EC0-301F-11D3-BF4B-00C04F79EFBC}") = "MusicShop(Assignment5)", "MusicShop(Assignment5).csproj", "{A1C0335B-A472-4A31-A86B-16E43FEDC9E9}"
EndProject
Global
	GlobalSection(SolutionConfigurationPlatforms) = preSolution
		Debug|Any CPU = Debug|Any CPU
		Release|Any CPU = Release|Any CPU
	EndGlobalSection
	GlobalSection(ProjectConfigurationPlatforms) = postSolution
		{A1C0335B-A472-4A31-A86B-16E43FEDC9E9}.Debug|Any CPU.ActiveCfg = Debug|Any CPU
		{A1C0335B-A472-4A31-A86B-16E43FEDC9E9}.Debug|Any CPU.Build.0 = Debug|Any CPU
		{A1C0335B-A472-4A31-A86B-16E43FEDC9E9}.Release|Any CPU.ActiveCfg = Release|Any CPU
		{A1C0335B-A472-4A31-A86B-16E43FEDC9E9}.Release|Any CPU.Build.0 = Release|Any CPU
	EndGlobalSection
	GlobalSection(SolutionProperties) = preSolution
		HideSolutionNode = FALSE
	EndGlobalSection
	GlobalSection(ExtensibilityGlobals) = postSolution
		SolutionGuid = {51CE0767-7D1C-4B32-AAC3-F551E9105EFA}
	EndGlobalSection
EndGlobal
